schema: '2.0'
stages:
  data_ingestion:
    cmd: python src/ml_project/components/data_ingestion.py
    deps:
    - path: src/ml_project/components/data_ingestion.py
      hash: md5
      md5: 13059375a1bc409792dec2b689f1fd06
      size: 3786
    params:
      params.yaml:
        data_ingestion.test_size: 0.2
    outs:
    - path: data/raw
      hash: md5
      md5: f0fc302d14545010e74128b32ea80997.dir
      size: 200900
      nfiles: 2
  data_preprocessing:
    cmd: python src/ml_project/components/data_preprcessing.py
    deps:
    - path: data/raw
      hash: md5
      md5: f0fc302d14545010e74128b32ea80997.dir
      size: 200900
      nfiles: 2
    - path: src/ml_project/components/data_preprcessing.py
      hash: md5
      md5: f0ae3f7a8296e42ee6022b6eca812d6c
      size: 1108
    outs:
    - path: data/processed
      hash: md5
      md5: 82cbe4329874f8a6b25b69d8feb6a056.dir
      size: 169072
      nfiles: 2
  feature_engineering:
    cmd: python src/ml_project/components/feature_engineering.py
    deps:
    - path: data/processed
      hash: md5
      md5: 82cbe4329874f8a6b25b69d8feb6a056.dir
      size: 169072
      nfiles: 2
    - path: src/ml_project/components/feature_engineering.py
      hash: md5
      md5: 4b684865a1858826e765b6c21fb96301
      size: 1015
    outs:
    - path: data/features
      hash: md5
      md5: b78acb8e2f45ca9ecb447e556bb10213.dir
      size: 173337
      nfiles: 2
  model_building:
    cmd: python src/ml_project/components/model_building.py
    deps:
    - path: data/features
      hash: md5
      md5: b78acb8e2f45ca9ecb447e556bb10213.dir
      size: 173337
      nfiles: 2
    - path: src/ml_project/components/model_building.py
      hash: md5
      md5: 4f54745a587abeb94ad09952eb479c35
      size: 1839
    params:
      params.yaml:
        model_building.learning_rate: 0.01
        model_building.max_depth: 3
        model_building.max_features: 0.5
        model_building.n_estimators: 50
        model_building.subsample: 0.5
    outs:
    - path: model.pkl
      hash: md5
      md5: e1fcb084a1c31c0410b194ee4b873c87
      size: 68162
  model_evaluation:
    cmd: python src/ml_project/components/model_evaluation.py
    deps:
    - path: model.pkl
      hash: md5
      md5: e1fcb084a1c31c0410b194ee4b873c87
      size: 68162
    - path: src/ml_project/components/model_evaluation.py
      hash: md5
      md5: 136c85016a2f619ea364a735998f1bd9
      size: 768
    outs:
    - path: metrics.json
      hash: md5
      md5: 593158d91ee36d1421ad0bc6a67788ad
      size: 119
