schema: '2.0'
stages:
  data_ingestion:
    cmd: python src/ml_project/components/data_ingestion.py
    deps:
    - path: src/ml_project/components/data_ingestion.py
      hash: md5
      md5: 1b7d92a661b52155be6d115014ec84de
      size: 3819
    params:
      params.yaml:
        data_ingestion.test_size: 0.15
    outs:
    - path: data/raw
      hash: md5
      md5: 72a7f6359262165d4aa05f2b8d7eccac.dir
      size: 192495
      nfiles: 2
  data_preprocessing:
    cmd: python src/ml_project/components/data_preprcessing.py
    deps:
    - path: data/raw
      hash: md5
      md5: 72a7f6359262165d4aa05f2b8d7eccac.dir
      size: 192495
      nfiles: 2
    - path: src/ml_project/components/data_preprcessing.py
      hash: md5
      md5: 1251163edbe4a2c00397661751794a09
      size: 1112
    outs:
    - path: data/processed
      hash: md5
      md5: 5e863fd8eb99c06586776b6e78775b7e.dir
      size: 161613
      nfiles: 2
  feature_engineering:
    cmd: python src/ml_project/components/feature_engineering.py
    deps:
    - path: data/processed
      hash: md5
      md5: 5e863fd8eb99c06586776b6e78775b7e.dir
      size: 161613
      nfiles: 2
    - path: src/ml_project/components/feature_engineering.py
      hash: md5
      md5: 89f99486edf805536eab336812391f31
      size: 1663
    outs:
    - path: data/features
      hash: md5
      md5: 90aa9ae9d199dc62278c3d098d7987c0.dir
      size: 164615
      nfiles: 2
    - path: scaler.pkl
      hash: md5
      md5: 433d211ee11315894f48e48e3e0b0366
      size: 1107
  model_building:
    cmd: python src/ml_project/components/model_building.py
    deps:
    - path: data/features
      hash: md5
      md5: 90aa9ae9d199dc62278c3d098d7987c0.dir
      size: 164615
      nfiles: 2
    - path: src/ml_project/components/model_building.py
      hash: md5
      md5: 2a4b84411ef337073497112a1c4d7bf5
      size: 1924
    params:
      params.yaml:
        model_building.learning_rate: 0.02
        model_building.max_depth: 3
        model_building.max_features: 0.6
        model_building.n_estimators: 50
        model_building.subsample: 0.5
    outs:
    - path: model.pkl
      hash: md5
      md5: d7925757deddf88255e9a1f544be0395
      size: 67874
  model_evaluation:
    cmd: python src/ml_project/components/model_evaluation.py
    deps:
    - path: model.pkl
      hash: md5
      md5: d7925757deddf88255e9a1f544be0395
      size: 67874
    - path: src/ml_project/components/model_evaluation.py
      hash: md5
      md5: 77d023628f5827324de72f4b851fd255
      size: 830
    outs:
    - path: metrics.json
      hash: md5
      md5: ac5eb89c1bb6727cf271e772ec229b16
      size: 116
